
Microsoft Visual Studio Solution File, Format Version 11.00
# Visual Studio 2010
Project("{FAE04EC0-301F-11D3-BF4B-00C04F79EFBC}") = "Assembly-CSharp", "Assembly-CSharp.csproj", "{F6091B88-38B5-0DE9-43BE-6E2BB3DAEA64}"
EndProject
Project("{FAE04EC0-301F-11D3-BF4B-00C04F79EFBC}") = "Assembly-CSharp-firstpass", "Assembly-CSharp-firstpass.csproj", "{11961434-7269-74E1-43C8-F1E42B150792}"
EndProject
Project("{FAE04EC0-301F-11D3-BF4B-00C04F79EFBC}") = "Assembly-CSharp-Editor-firstpass", "Assembly-CSharp-Editor-firstpass.csproj", "{47D9D457-7D87-FD13-5E31-4E036EAC9F92}"
EndProject
Global
	GlobalSection(SolutionConfigurationPlatforms) = preSolution
		Debug|Any CPU = Debug|Any CPU
		Release|Any CPU = Release|Any CPU
	EndGlobalSection
	GlobalSection(ProjectConfigurationPlatforms) = postSolution
		{F6091B88-38B5-0DE9-43BE-6E2BB3DAEA64}.Debug|Any CPU.ActiveCfg = Debug|Any CPU
		{F6091B88-38B5-0DE9-43BE-6E2BB3DAEA64}.Debug|Any CPU.Build.0 = Debug|Any CPU
		{F6091B88-38B5-0DE9-43BE-6E2BB3DAEA64}.Release|Any CPU.ActiveCfg = Release|Any CPU
		{F6091B88-38B5-0DE9-43BE-6E2BB3DAEA64}.Release|Any CPU.Build.0 = Release|Any CPU
		{11961434-7269-74E1-43C8-F1E42B150792}.Debug|Any CPU.ActiveCfg = Debug|Any CPU
		{11961434-7269-74E1-43C8-F1E42B150792}.Debug|Any CPU.Build.0 = Debug|Any CPU
		{11961434-7269-74E1-43C8-F1E42B150792}.Release|Any CPU.ActiveCfg = Release|Any CPU
		{11961434-7269-74E1-43C8-F1E42B150792}.Release|Any CPU.Build.0 = Release|Any CPU
		{47D9D457-7D87-FD13-5E31-4E036EAC9F92}.Debug|Any CPU.ActiveCfg = Debug|Any CPU
		{47D9D457-7D87-FD13-5E31-4E036EAC9F92}.Debug|Any CPU.Build.0 = Debug|Any CPU
		{47D9D457-7D87-FD13-5E31-4E036EAC9F92}.Release|Any CPU.ActiveCfg = Release|Any CPU
		{47D9D457-7D87-FD13-5E31-4E036EAC9F92}.Release|Any CPU.Build.0 = Release|Any CPU
	EndGlobalSection
	GlobalSection(SolutionProperties) = preSolution
		HideSolutionNode = FALSE
	EndGlobalSection
	GlobalSection(MonoDevelopProperties) = preSolution
		StartupItem = Assembly-CSharp.csproj
	EndGlobalSection
EndGlobal
